// !$*UTF8*$!
{
	archiveVersion = 1;
	classes = {
	};
	objectVersion = 50;
	objects = {

/* Begin PBXBuildFile section */
		8C8DA59D23FE1C0D00FEB374 /* AppDelegate.swift in Sources */ = {isa = PBXBuildFile; fileRef = 8C8DA59C23FE1C0D00FEB374 /* AppDelegate.swift */; };
		8C8DA59F23FE1C0D00FEB374 /* SceneDelegate.swift in Sources */ = {isa = PBXBuildFile; fileRef = 8C8DA59E23FE1C0D00FEB374 /* SceneDelegate.swift */; };
		8C8DA5A123FE1C0D00FEB374 /* ViewController.swift in Sources */ = {isa = PBXBuildFile; fileRef = 8C8DA5A023FE1C0D00FEB374 /* ViewController.swift */; };
		8C8DA5A423FE1C0D00FEB374 /* Main.storyboard in Resources */ = {isa = PBXBuildFile; fileRef = 8C8DA5A223FE1C0D00FEB374 /* Main.storyboard */; };
		8C8DA5A623FE1C1100FEB374 /* Assets.xcassets in Resources */ = {isa = PBXBuildFile; fileRef = 8C8DA5A523FE1C1100FEB374 /* Assets.xcassets */; };
		8C8DA5A923FE1C1100FEB374 /* LaunchScreen.storyboard in Resources */ = {isa = PBXBuildFile; fileRef = 8C8DA5A723FE1C1100FEB374 /* LaunchScreen.storyboard */; };
/* End PBXBuildFile section */

/* Begin PBXFileReference section */
		8C8DA59923FE1C0D00FEB374 /* BipOllie.app */ = {isa = PBXFileReference; explicitFileType = wrapper.application; includeInIndex = 0; path = BipOllie.app; sourceTree = BUILT_PRODUCTS_DIR; };
		8C8DA59C23FE1C0D00FEB374 /* AppDelegate.swift */ = {isa = PBXFileReference; lastKnownFileType = sourcecode.swift; path = AppDelegate.swift; sourceTree = "<group>"; };
		8C8DA59E23FE1C0D00FEB374 /* SceneDelegate.swift */ = {isa = PBXFileReference; lastKnownFileType = sourcecode.swift; path = SceneDelegate.swift; sourceTree = "<group>"; };
		8C8DA5A023FE1C0D00FEB374 /* ViewController.swift */ = {isa = PBXFileReference; lastKnownFileType = sourcecode.swift; path = ViewController.swift; sourceTree = "<group>"; };
		8C8DA5A323FE1C0D00FEB374 /* Base */ = {isa = PBXFileReference; lastKnownFileType = file.storyboard; name = Base; path = Base.lproj/Main.storyboard; sourceTree = "<group>"; };
		8C8DA5A523FE1C1100FEB374 /* Assets.xcassets */ = {isa = PBXFileReference; lastKnownFileType = folder.assetcatalog; path = Assets.xcassets; sourceTree = "<group>"; };
		8C8DA5A823FE1C1100FEB374 /* Base */ = {isa = PBXFileReference; lastKnownFileType = file.storyboard; name = Base; path = Base.lproj/LaunchScreen.storyboard; sourceTree = "<group>"; };
		8C8DA5AA23FE1C1100FEB374 /* Info.plist */ = {isa = PBXFileReference; lastKnownFileType = text.plist.xml; path = Info.plist; sourceTree = "<group>"; };
/* End PBXFileReference section */

/* Begin PBXFrameworksBuildPhase section */
		8C8DA59623FE1C0D00FEB374 /* Frameworks */ = {
			isa = PBXFrameworksBuildPhase;
			buildActionMask = 2147483647;
			files = (
			);
			runOnlyForDeploymentPostprocessing = 0;
		};
/* End PBXFrameworksBuildPhase section */

/* Begin PBXGroup section */
		8C8DA59023FE1C0D00FEB374 = {
			isa = PBXGroup;
			children = (
				8C8DA59B23FE1C0D00FEB374 /* BipOllie */,
				8C8DA59A23FE1C0D00FEB374 /* Products */,
			);
			sourceTree = "<group>";
		};
		8C8DA59A23FE1C0D00FEB374 /* Products */ = {
			isa = PBXGroup;
			children = (
				8C8DA59923FE1C0D00FEB374 /* BipOllie.app */,
			);
			name = Products;
			sourceTree = "<group>";
		};
		8C8DA59B23FE1C0D00FEB374 /* BipOllie */ = {
			isa = PBXGroup;
			children = (
				8C8DA59C23FE1C0D00FEB374 /* AppDelegate.swift */,
				8C8DA59E23FE1C0D00FEB374 /* SceneDelegate.swift */,
				8C8DA5A023FE1C0D00FEB374 /* ViewController.swift */,
				8C8DA5A223FE1C0D00FEB374 /* Main.storyboard */,
				8C8DA5A523FE1C1100FEB374 /* Assets.xcassets */,
				8C8DA5A723FE1C1100FEB374 /* LaunchScreen.storyboard */,
				8C8DA5AA23FE1C1100FEB374 /* Info.plist */,
			);
			path = BipOllie;
			sourceTree = "<group>";
		};
/* End PBXGroup section */

/* Begin PBXNativeTarget section */
		8C8DA59823FE1C0D00FEB374 /* BipOllie */ = {
			isa = PBXNativeTarget;
			buildConfigurationList = 8C8DA5AD23FE1C1100FEB374 /* Build configuration list for PBXNativeTarget "BipOllie" */;
			buildPhases = (
				8C8DA59523FE1C0D00FEB374 /* Sources */,
				8C8DA59623FE1C0D00FEB374 /* Frameworks */,
				8C8DA59723FE1C0D00FEB374 /* Resources */,
			);
			buildRules = (
			);
			dependencies = (
			);
			name = BipOllie;
			productName = BipOllie;
			productReference = 8C8DA59923FE1C0D00FEB374 /* BipOllie.app */;
			productType = "com.apple.product-type.application";
		};
/* End PBXNativeTarget section */

/* Begin PBXProject section */
		8C8DA59123FE1C0D00FEB374 /* Project object */ = {
			isa = PBXProject;
			attributes = {
				LastSwiftUpdateCheck = 1130;
				LastUpgradeCheck = 1130;
				ORGANIZATIONNAME = "Brian Bowers";
				TargetAttributes = {
					8C8DA59823FE1C0D00FEB374 = {
						CreatedOnToolsVersion = 11.3.1;
					};
				};
			};
			buildConfigurationList = 8C8DA59423FE1C0D00FEB374 /* Build configuration list for PBXProject "BipOllie" */;
			compatibilityVersion = "Xcode 9.3";
			developmentRegion = en;
			hasScannedForEncodings = 0;
			knownRegions = (
				en,
				Base,
			);
			mainGroup = 8C8DA59023FE1C0D00FEB374;
			productRefGroup = 8C8DA59A23FE1C0D00FEB374 /* Products */;
			projectDirPath = "";
			projectRoot = "";
			targets = (
				8C8DA59823FE1C0D00FEB374 /* BipOllie */,
			);
		};
/* End PBXProject section */

/* Begin PBXResourcesBuildPhase section */
		8C8DA59723FE1C0D00FEB374 /* Resources */ = {
			isa = PBXResourcesBuildPhase;
			buildActionMask = 2147483647;
			files = (
				8C8DA5A923FE1C1100FEB374 /* LaunchScreen.storyboard in Resources */,
				8C8DA5A623FE1C1100FEB374 /* Assets.xcassets in Resources */,
				8C8DA5A423FE1C0D00FEB374 /* Main.storyboard in Resources */,
			);
			runOnlyForDeploymentPostprocessing = 0;
		};
/* End PBXResourcesBuildPhase section */

/* Begin PBXSourcesBuildPhase section */
		8C8DA59523FE1C0D00FEB374 /* Sources */ = {
			isa = PBXSourcesBuildPhase;
			buildActionMask = 2147483647;
			files = (
				8C8DA5A123FE1C0D00FEB374 /* ViewController.swift in Sources */,
				8C8DA59D23FE1C0D00FEB374 /* AppDelegate.swift in Sources */,
				8C8DA59F23FE1C0D00FEB374 /* SceneDelegate.swift in Sources */,
			);
			runOnlyForDeploymentPostprocessing = 0;
		};
/* End PBXSourcesBuildPhase section */

/* Begin PBXVariantGroup section */
		8C8DA5A223FE1C0D00FEB374 /* Main.storyboard */ = {
			isa = PBXVariantGroup;
			children = (
				8C8DA5A323FE1C0D00FEB374 /* Base */,
			);
			name = Main.storyboard;
			sourceTree = "<group>";
		};
		8C8DA5A723FE1C1100FEB374 /* LaunchScreen.storyboard */ = {
			isa = PBXVariantGroup;
			children = (
				8C8DA5A823FE1C1100FEB374 /* Base */,
			);
			name = LaunchScreen.storyboard;
			sourceTree = "<group>";
		};
/* End PBXVariantGroup section */

/* Begin XCBuildConfiguration section */
		8C8DA5AB23FE1C1100FEB374 /* Debug */ = {
			isa = XCBuildConfiguration;
			buildSettings = {
				ALWAYS_SEARCH_USER_PATHS = NO;
				CLANG_ANALYZER_NONNULL = YES;
				CLANG_ANALYZER_NUMBER_OBJECT_CONVERSION = YES_AGGRESSIVE;
				CLANG_CXX_LANGUAGE_STANDARD = "gnu++14";
				CLANG_CXX_LIBRARY = "libc++";
				CLANG_ENABLE_MODULES = YES;
				CLANG_ENABLE_OBJC_ARC = YES;
				CLANG_ENABLE_OBJC_WEAK = YES;
				CLANG_WARN_BLOCK_CAPTURE_AUTORELEASING = YES;
				CLANG_WARN_BOOL_CONVERSION = YES;
				CLANG_WARN_COMMA = YES;
				CLANG_WARN_CONSTANT_CONVERSION = YES;
				CLANG_WARN_DEPRECATED_OBJC_IMPLEMENTATIONS = YES;
				CLANG_WARN_DIRECT_OBJC_ISA_USAGE = YES_ERROR;
				CLANG_WARN_DOCUMENTATION_COMMENTS = YES;
				CLANG_WARN_EMPTY_BODY = YES;
				CLANG_WARN_ENUM_CONVERSION = YES;
				CLANG_WARN_INFINITE_RECURSION = YES;
				CLANG_WARN_INT_CONVERSION = YES;
				CLANG_WARN_NON_LITERAL_NULL_CONVERSION = YES;
				CLANG_WARN_OBJC_IMPLICIT_RETAIN_SELF = YES;
				CLANG_WARN_OBJC_LITERAL_CONVERSION = YES;
				CLANG_WARN_OBJC_ROOT_CLASS = YES_ERROR;
				CLANG_WARN_RANGE_LOOP_ANALYSIS = YES;
				CLANG_WARN_STRICT_PROTOTYPES = YES;
				CLANG_WARN_SUSPICIOUS_MOVE = YES;
				CLANG_WARN_UNGUARDED_AVAILABILITY = YES_AGGRESSIVE;
				CLANG_WARN_UNREACHABLE_CODE = YES;
				CLANG_WARN__DUPLICATE_METHOD_MATCH = YES;
				COPY_PHASE_STRIP = NO;
				DEBUG_INFORMATION_FORMAT = dwarf;
				ENABLE_STRICT_OBJC_MSGSEND = YES;
				ENABLE_TESTABILITY = YES;
				GCC_C_LANGUAGE_STANDARD = gnu11;
				GCC_DYNAMIC_NO_PIC = NO;
				GCC_NO_COMMON_BLOCKS = YES;
				GCC_OPTIMIZATION_LEVEL = 0;
				GCC_PREPROCESSOR_DEFINITIONS = (
					"DEBUG=1",
					"$(inherited)",
				);
				GCC_WARN_64_TO_32_BIT_CONVERSION = YES;
				GCC_WARN_ABOUT_RETURN_TYPE = YES_ERROR;
				GCC_WARN_UNDECLARED_SELECTOR = YES;
				GCC_WARN_UNINITIALIZED_AUTOS = YES_AGGRESSIVE;
				GCC_WARN_UNUSED_FUNCTION = YES;
				GCC_WARN_UNUSED_VARIABLE = YES;
				IPHONEOS_DEPLOYMENT_TARGET = 13.2;
				MTL_ENABLE_DEBUG_INFO = INCLUDE_SOURCE;
				MTL_FAST_MATH = YES;
				ONLY_ACTIVE_ARCH = YES;
				SDKROOT = iphoneos;
				SWIFT_ACTIVE_COMPILATION_CONDITIONS = DEBUG;
				SWIFT_OPTIMIZATION_LEVEL = "-Onone";
			};
			name = Debug;
		};
		8C8DA5AC23FE1C1100FEB374 /* Release */ = {
			isa = XCBuildConfiguration;
			buildSettings = {
				ALWAYS_SEARCH_USER_PATHS = NO;
				CLANG_ANALYZER_NONNULL = YES;
				CLANG_ANALYZER_NUMBER_OBJECT_CONVERSION = YES_AGGRESSIVE;
				CLANG_CXX_LANGUAGE_STANDARD = "gnu++14";
				CLANG_CXX_LIBRARY = "libc++";
				CLANG_ENABLE_MODULES = YES;
				CLANG_ENABLE_OBJC_ARC = YES;
				CLANG_ENABLE_OBJC_WEAK = YES;
				CLANG_WARN_BLOCK_CAPTURE_AUTORELEASING = YES;
				CLANG_WARN_BOOL_CONVERSION = YES;
				CLANG_WARN_COMMA = YES;
				CLANG_WARN_CONSTANT_CONVERSION = YES;
				CLANG_WARN_DEPRECATED_OBJC_IMPLEMENTATIONS = YES;
				CLANG_WARN_DIRECT_OBJC_ISA_USAGE = YES_ERROR;
				CLANG_WARN_DOCUMENTATION_COMMENTS = YES;
				CLANG_WARN_EMPTY_BODY = YES;
				CLANG_WARN_ENUM_CONVERSION = YES;
				CLANG_WARN_INFINITE_RECURSION = YES;
				CLANG_WARN_INT_CONVERSION = YES;
				CLANG_WARN_NON_LITERAL_NULL_CONVERSION = YES;
				CLANG_WARN_OBJC_IMPLICIT_RETAIN_SELF = YES;
				CLANG_WARN_OBJC_LITERAL_CONVERSION = YES;
				CLANG_WARN_OBJC_ROOT_CLASS = YES_ERROR;
				CLANG_WARN_RANGE_LOOP_ANALYSIS = YES;
				CLANG_WARN_STRICT_PROTOTYPES = YES;
				CLANG_WARN_SUSPICIOUS_MOVE = YES;
				CLANG_WARN_UNGUARDED_AVAILABILITY = YES_AGGRESSIVE;
				CLANG_WARN_UNREACHABLE_CODE = YES;
				CLANG_WARN__DUPLICATE_METHOD_MATCH = YES;
				COPY_PHASE_STRIP = NO;
				DEBUG_INFORMATION_FORMAT = "dwarf-with-dsym";
				ENABLE_NS_ASSERTIONS = NO;
				ENABLE_STRICT_OBJC_MSGSEND = YES;
				GCC_C_LANGUAGE_STANDARD = gnu11;
				GCC_NO_COMMON_BLOCKS = YES;
				GCC_WARN_64_TO_32_BIT_CONVERSION = YES;
				GCC_WARN_ABOUT_RETURN_TYPE = YES_ERROR;
				GCC_WARN_UNDECLARED_SELECTOR = YES;
				GCC_WARN_UNINITIALIZED_AUTOS = YES_AGGRESSIVE;
				GCC_WARN_UNUSED_FUNCTION = YES;
				GCC_WARN_UNUSED_VARIABLE = YES;
				IPHONEOS_DEPLOYMENT_TARGET = 13.2;
				MTL_ENABLE_DEBUG_INFO = NO;
				MTL_FAST_MATH = YES;
				SDKROOT = iphoneos;
				SWIFT_COMPILATION_MODE = wholemodule;
				SWIFT_OPTIMIZATION_LEVEL = "-O";
				VALIDATE_PRODUCT = YES;
			};
			name = Release;
		};
		8C8DA5AE23FE1C1100FEB374 /* Debug */ = {
			isa = XCBuildConfiguration;
			buildSettings = {
				ASSETCATALOG_COMPILER_APPICON_NAME = AppIcon;
				CODE_SIGN_STYLE = Automatic;
				DEVELOPMENT_TEAM = 22P25RHHYJ;
				INFOPLIST_FILE = BipOllie/Info.plist;
				LD_RUNPATH_SEARCH_PATHS = (
					"$(inherited)",
					"@executable_path/Frameworks",
				);
				PRODUCT_BUNDLE_IDENTIFIER = com.BrianBowers.BipOllie;
				PRODUCT_NAME = "$(TARGET_NAME)";
				SWIFT_VERSION = 5.0;
				TARGETED_DEVICE_FAMILY = "1,2";
			};
			name = Debug;
		};
		8C8DA5AF23FE1C1100FEB374 /* Release */ = {
			isa = XCBuildConfiguration;
			buildSettings = {
				ASSETCATALOG_COMPILER_APPICON_NAME = AppIcon;
				CODE_SIGN_STYLE = Automatic;
				DEVELOPMENT_TEAM = 22P25RHHYJ;
				INFOPLIST_FILE = BipOllie/Info.plist;
				LD_RUNPATH_SEARCH_PATHS = (
					"$(inherited)",
					"@executable_path/Frameworks",
				);
				PRODUCT_BUNDLE_IDENTIFIER = com.BrianBowers.BipOllie;
				PRODUCT_NAME = "$(TARGET_NAME)";
				SWIFT_VERSION = 5.0;
				TARGETED_DEVICE_FAMILY = "1,2";
			};
			name = Release;
		};
/* End XCBuildConfiguration section */

/* Begin XCConfigurationList section */
		8C8DA59423FE1C0D00FEB374 /* Build configuration list for PBXProject "BipOllie" */ = {
			isa = XCConfigurationList;
			buildConfigurations = (
				8C8DA5AB23FE1C1100FEB374 /* Debug */,
				8C8DA5AC23FE1C1100FEB374 /* Release */,
			);
			defaultConfigurationIsVisible = 0;
			defaultConfigurationName = Release;
		};
		8C8DA5AD23FE1C1100FEB374 /* Build configuration list for PBXNativeTarget "BipOllie" */ = {
			isa = XCConfigurationList;
			buildConfigurations = (
				8C8DA5AE23FE1C1100FEB374 /* Debug */,
				8C8DA5AF23FE1C1100FEB374 /* Release */,
			);
			defaultConfigurationIsVisible = 0;
			defaultConfigurationName = Release;
		};
/* End XCConfigurationList section */
	};
	rootObject = 8C8DA59123FE1C0D00FEB374 /* Project object */;
}
